
Microsoft Visual Studio Solution File, Format Version 12.00
# Visual Studio 2012
Project("{FAE04EC0-301F-11D3-BF4B-00C04F79EFBC}") = "DurandalBreeze.Web", "DurandalBreeze.Web\DurandalBreeze.Web.csproj", "{91B8B6F6-8AEB-4B35-B46D-C28F6134F0B6}"
EndProject
Project("{2150E333-8FDC-42A3-9474-1A3956D46DE8}") = "Solution Items", "Solution Items", "{565C2EE7-EB49-4E7D-BF70-F044A9F85CE7}"
	ProjectSection(SolutionItems) = preProject
		nuget.config = nuget.config
	EndProjectSection
EndProject
Global
	GlobalSection(SolutionConfigurationPlatforms) = preSolution
		Debug|Any CPU = Debug|Any CPU
		Release|Any CPU = Release|Any CPU
	EndGlobalSection
	GlobalSection(ProjectConfigurationPlatforms) = postSolution
		{91B8B6F6-8AEB-4B35-B46D-C28F6134F0B6}.Debug|Any CPU.ActiveCfg = Debug|Any CPU
		{91B8B6F6-8AEB-4B35-B46D-C28F6134F0B6}.Debug|Any CPU.Build.0 = Debug|Any CPU
		{91B8B6F6-8AEB-4B35-B46D-C28F6134F0B6}.Release|Any CPU.ActiveCfg = Release|Any CPU
		{91B8B6F6-8AEB-4B35-B46D-C28F6134F0B6}.Release|Any CPU.Build.0 = Release|Any CPU
	EndGlobalSection
	GlobalSection(SolutionProperties) = preSolution
		HideSolutionNode = FALSE
	EndGlobalSection
EndGlobal
